
Microsoft Visual Studio Solution File, Format Version 12.00
# Visual Studio Version 17
VisualStudioVersion = 17.5.002.0
MinimumVisualStudioVersion = 10.0.40219.1
Project("{9A19103F-16F7-4668-BE54-9A1E7A4F7556}") = "Calculadora", "Calculadora\Calculadora.csproj", "{EB09911B-5126-4BFB-B17F-7F757D04BE82}"
EndProject
Project("{9A19103F-16F7-4668-BE54-9A1E7A4F7556}") = "CalculadoraTestes", "CalculadoraTestes\CalculadoraTestes.csproj", "{172CCE1C-407F-464B-9094-22DC809E5626}"
EndProject
Global
	GlobalSection(SolutionConfigurationPlatforms) = preSolution
		Debug|Any CPU = Debug|Any CPU
		Release|Any CPU = Release|Any CPU
	EndGlobalSection
	GlobalSection(ProjectConfigurationPlatforms) = postSolution
		{EB09911B-5126-4BFB-B17F-7F757D04BE82}.Debug|Any CPU.ActiveCfg = Debug|Any CPU
		{EB09911B-5126-4BFB-B17F-7F757D04BE82}.Debug|Any CPU.Build.0 = Debug|Any CPU
		{EB09911B-5126-4BFB-B17F-7F757D04BE82}.Release|Any CPU.ActiveCfg = Release|Any CPU
		{EB09911B-5126-4BFB-B17F-7F757D04BE82}.Release|Any CPU.Build.0 = Release|Any CPU
		{172CCE1C-407F-464B-9094-22DC809E5626}.Debug|Any CPU.ActiveCfg = Debug|Any CPU
		{172CCE1C-407F-464B-9094-22DC809E5626}.Debug|Any CPU.Build.0 = Debug|Any CPU
		{172CCE1C-407F-464B-9094-22DC809E5626}.Release|Any CPU.ActiveCfg = Release|Any CPU
		{172CCE1C-407F-464B-9094-22DC809E5626}.Release|Any CPU.Build.0 = Release|Any CPU
	EndGlobalSection
	GlobalSection(SolutionProperties) = preSolution
		HideSolutionNode = FALSE
	EndGlobalSection
	GlobalSection(ExtensibilityGlobals) = postSolution
		SolutionGuid = {7D91FE0C-BD8C-4B0B-B795-6110052100C8}
	EndGlobalSection
EndGlobal
