
Microsoft Visual Studio Solution File, Format Version 12.00
# Visual Studio Version 17
VisualStudioVersion = 17.5.002.0
MinimumVisualStudioVersion = 10.0.40219.1
Project("{9A19103F-16F7-4668-BE54-9A1E7A4F7556}") = "menu-interativo-cs", "menu-interativo-cs.csproj", "{FF8F63F7-59DA-43DA-B3FF-10B793A48C04}"
EndProject
Global
	GlobalSection(SolutionConfigurationPlatforms) = preSolution
		Debug|Any CPU = Debug|Any CPU
		Release|Any CPU = Release|Any CPU
	EndGlobalSection
	GlobalSection(ProjectConfigurationPlatforms) = postSolution
		{FF8F63F7-59DA-43DA-B3FF-10B793A48C04}.Debug|Any CPU.ActiveCfg = Debug|Any CPU
		{FF8F63F7-59DA-43DA-B3FF-10B793A48C04}.Debug|Any CPU.Build.0 = Debug|Any CPU
		{FF8F63F7-59DA-43DA-B3FF-10B793A48C04}.Release|Any CPU.ActiveCfg = Release|Any CPU
		{FF8F63F7-59DA-43DA-B3FF-10B793A48C04}.Release|Any CPU.Build.0 = Release|Any CPU
	EndGlobalSection
	GlobalSection(SolutionProperties) = preSolution
		HideSolutionNode = FALSE
	EndGlobalSection
	GlobalSection(ExtensibilityGlobals) = postSolution
		SolutionGuid = {B82E287B-1B5C-4813-BA34-3FFB8169939D}
	EndGlobalSection
EndGlobal
