
Microsoft Visual Studio Solution File, Format Version 12.00
# Visual Studio Version 17
VisualStudioVersion = 17.5.002.0
MinimumVisualStudioVersion = 10.0.40219.1
Project("{9A19103F-16F7-4668-BE54-9A1E7A4F7556}") = "filas-dotnet", "filas-dotnet.csproj", "{37F6F287-CA31-4AAA-A8CD-FFC731AB2758}"
EndProject
Global
	GlobalSection(SolutionConfigurationPlatforms) = preSolution
		Debug|Any CPU = Debug|Any CPU
		Release|Any CPU = Release|Any CPU
	EndGlobalSection
	GlobalSection(ProjectConfigurationPlatforms) = postSolution
		{37F6F287-CA31-4AAA-A8CD-FFC731AB2758}.Debug|Any CPU.ActiveCfg = Debug|Any CPU
		{37F6F287-CA31-4AAA-A8CD-FFC731AB2758}.Debug|Any CPU.Build.0 = Debug|Any CPU
		{37F6F287-CA31-4AAA-A8CD-FFC731AB2758}.Release|Any CPU.ActiveCfg = Release|Any CPU
		{37F6F287-CA31-4AAA-A8CD-FFC731AB2758}.Release|Any CPU.Build.0 = Release|Any CPU
	EndGlobalSection
	GlobalSection(SolutionProperties) = preSolution
		HideSolutionNode = FALSE
	EndGlobalSection
	GlobalSection(ExtensibilityGlobals) = postSolution
		SolutionGuid = {892CF1A4-A142-4E8D-A1C3-EB5134050F18}
	EndGlobalSection
EndGlobal
